
Microsoft Visual Studio Solution File, Format Version 12.00
# Visual Studio 15
VisualStudioVersion = 15.0.26124.0
MinimumVisualStudioVersion = 15.0.26124.0
Project("{2150E333-8FDC-42A3-9474-1A3956D46DE8}") = "src", "src", "{E7399C0B-BA25-4A4E-B97D-14CE02EFD9C6}"
EndProject
Project("{2150E333-8FDC-42A3-9474-1A3956D46DE8}") = "tests", "tests", "{0BC23F20-C0FA-417F-8CFB-EE50B82C89DE}"
EndProject
Project("{FAE04EC0-301F-11D3-BF4B-00C04F79EFBC}") = "Apocryph.Consensus", "src\Apocryph.Consensus\Apocryph.Consensus.csproj", "{422A68C8-B8EA-4527-BFB3-443956F45930}"
EndProject
Project("{FAE04EC0-301F-11D3-BF4B-00C04F79EFBC}") = "Apocryph.Consensus.Test", "tests\Apocryph.Consensus.Test\Apocryph.Consensus.Test.csproj", "{799EC9D3-9107-42C0-A96F-06358234999F}"
EndProject
Project("{FAE04EC0-301F-11D3-BF4B-00C04F79EFBC}") = "Apocryph.KoTH.Test", "tests\Apocryph.KoTH.Test\Apocryph.KoTH.Test.csproj", "{DD891CCF-002F-4B4D-8E14-0C65F17CD225}"
EndProject
Project("{FAE04EC0-301F-11D3-BF4B-00C04F79EFBC}") = "Apocryph.Consensus.Snowball.FunctionApp", "src\Apocryph.Consensus.Snowball.FunctionApp\Apocryph.Consensus.Snowball.FunctionApp.csproj", "{02DE308A-4DAC-4DA6-B42E-CB25E9311040}"
EndProject
Project("{FAE04EC0-301F-11D3-BF4B-00C04F79EFBC}") = "Apocryph.Consensus.Snowball.Test", "tests\Apocryph.Consensus.Snowball.Test\Apocryph.Consensus.Snowball.Test.csproj", "{857A6E43-10CE-45D4-B0AC-378E1C1D71B7}"
EndProject
Project("{FAE04EC0-301F-11D3-BF4B-00C04F79EFBC}") = "Apocryph.Executor.FunctionApp", "src\Apocryph.Executor.FunctionApp\Apocryph.Executor.FunctionApp.csproj", "{175ED76C-3B66-4F7F-9153-44E1C0F071C2}"
EndProject
Project("{FAE04EC0-301F-11D3-BF4B-00C04F79EFBC}") = "Apocryph.Executor.Test", "tests\Apocryph.Executor.Test\Apocryph.Executor.Test.csproj", "{CDAE86D0-B9D5-431D-B78B-C70C5F9C6A6A}"
EndProject
Project("{FAE04EC0-301F-11D3-BF4B-00C04F79EFBC}") = "Apocryph.Ipfs", "src\Apocryph.Ipfs\Apocryph.Ipfs.csproj", "{035EB546-C3FC-4FA0-BAFA-3A7526DE9B64}"
EndProject
Project("{FAE04EC0-301F-11D3-BF4B-00C04F79EFBC}") = "Apocryph.Ipfs.Test", "tests\Apocryph.Ipfs.Test\Apocryph.Ipfs.Test.csproj", "{7A0991FF-3169-4761-8A78-682D35433153}"
EndProject
Project("{FAE04EC0-301F-11D3-BF4B-00C04F79EFBC}") = "Apocryph.Routing.FunctionApp", "src\Apocryph.Routing.FunctionApp\Apocryph.Routing.FunctionApp.csproj", "{AC59B91F-304C-492C-8656-EF6D744AFA30}"
EndProject
Project("{FAE04EC0-301F-11D3-BF4B-00C04F79EFBC}") = "Apocryph.Routing.Test", "tests\Apocryph.Routing.Test\Apocryph.Routing.Test.csproj", "{9DF6594F-7B04-4186-A557-4DBDE083282A}"
EndProject
Project("{2150E333-8FDC-42A3-9474-1A3956D46DE8}") = "samples", "samples", "{0373B9AD-48B9-4D23-BF1D-BDB78A5B3939}"
EndProject
Project("{FAE04EC0-301F-11D3-BF4B-00C04F79EFBC}") = "SampleAgents.FunctionApp", "samples\SampleAgents.FunctionApp\SampleAgents.FunctionApp.csproj", "{0CEB3F74-4E69-40E9-869F-BED82718C055}"
EndProject
Project("{FAE04EC0-301F-11D3-BF4B-00C04F79EFBC}") = "Perper.WebJobs.Extensions", "perper\functions\runtime\src\Perper.WebJobs.Extensions\Perper.WebJobs.Extensions.csproj", "{18854C49-B557-49CA-A8FF-C5DB2E81FB98}"
EndProject
Project("{FAE04EC0-301F-11D3-BF4B-00C04F79EFBC}") = "Apocryph.Consensus.Dummy.Agent", "src\Apocryph.Consensus.Dummy.Agent\Apocryph.Consensus.Dummy.Agent.csproj", "{E89E0064-81A9-488F-9189-FE9BA7A6667B}"
EndProject
Project("{FAE04EC0-301F-11D3-BF4B-00C04F79EFBC}") = "Apocryph.KoTH", "src\Apocryph.KoTH\Apocryph.KoTH.csproj", "{112C7D8E-DD10-48E1-A26E-2D8AA273A30B}"
EndProject
Project("{FAE04EC0-301F-11D3-BF4B-00C04F79EFBC}") = "Apocryph.KoTH.Agent", "src\Apocryph.KoTH.Agent\Apocryph.KoTH.Agent.csproj", "{BD3A4792-8AD7-404C-B525-CBFFBBC806A2}"
EndProject
Project("{FAE04EC0-301F-11D3-BF4B-00C04F79EFBC}") = "Apocryph.KoTH.SimpleMiner.Agent", "src\Apocryph.KoTH.SimpleMiner.Agent\Apocryph.KoTH.SimpleMiner.Agent.csproj", "{A4D5FF37-B7FE-4D7A-AEDB-49D4B51369D2}"
EndProject
Project("{FAE04EC0-301F-11D3-BF4B-00C04F79EFBC}") = "Apocryph.Consensus.Snowball.Agent", "src\Apocryph.Consensus.Snowball.Agent\Apocryph.Consensus.Snowball.Agent.csproj", "{43BC9778-0802-4054-BE0D-07047ABFF905}"
EndProject
Project("{FAE04EC0-301F-11D3-BF4B-00C04F79EFBC}") = "Apocryph.Executor.Agent", "src\Apocryph.Executor.Agent\Apocryph.Executor.Agent.csproj", "{A9E1BF29-CC66-4A4D-A584-22CAB884855F}"
EndProject
Project("{FAE04EC0-301F-11D3-BF4B-00C04F79EFBC}") = "Apocryph.Executor.Agent.Tests", "tests\Apocryph.Executor.Agent.Tests\Apocryph.Executor.Agent.Tests.csproj", "{BB726451-EB33-4803-A1A2-1BBAD0E7125A}"
EndProject
Project("{FAE04EC0-301F-11D3-BF4B-00C04F79EFBC}") = "Perper", "perper2\agent\dotnet\src\Perper\Perper.csproj", "{60F31AF9-20E7-4213-A4C1-4BC209A3ED18}"
EndProject
Global
	GlobalSection(SolutionConfigurationPlatforms) = preSolution
		Debug|Any CPU = Debug|Any CPU
		Debug|x64 = Debug|x64
		Debug|x86 = Debug|x86
		Release|Any CPU = Release|Any CPU
		Release|x64 = Release|x64
		Release|x86 = Release|x86
	EndGlobalSection
	GlobalSection(SolutionProperties) = preSolution
		HideSolutionNode = FALSE
	EndGlobalSection
	GlobalSection(ProjectConfigurationPlatforms) = postSolution
		{422A68C8-B8EA-4527-BFB3-443956F45930}.Debug|Any CPU.ActiveCfg = Debug|Any CPU
		{422A68C8-B8EA-4527-BFB3-443956F45930}.Debug|Any CPU.Build.0 = Debug|Any CPU
		{422A68C8-B8EA-4527-BFB3-443956F45930}.Debug|x64.ActiveCfg = Debug|Any CPU
		{422A68C8-B8EA-4527-BFB3-443956F45930}.Debug|x64.Build.0 = Debug|Any CPU
		{422A68C8-B8EA-4527-BFB3-443956F45930}.Debug|x86.ActiveCfg = Debug|Any CPU
		{422A68C8-B8EA-4527-BFB3-443956F45930}.Debug|x86.Build.0 = Debug|Any CPU
		{422A68C8-B8EA-4527-BFB3-443956F45930}.Release|Any CPU.ActiveCfg = Release|Any CPU
		{422A68C8-B8EA-4527-BFB3-443956F45930}.Release|Any CPU.Build.0 = Release|Any CPU
		{422A68C8-B8EA-4527-BFB3-443956F45930}.Release|x64.ActiveCfg = Release|Any CPU
		{422A68C8-B8EA-4527-BFB3-443956F45930}.Release|x64.Build.0 = Release|Any CPU
		{422A68C8-B8EA-4527-BFB3-443956F45930}.Release|x86.ActiveCfg = Release|Any CPU
		{422A68C8-B8EA-4527-BFB3-443956F45930}.Release|x86.Build.0 = Release|Any CPU
		{799EC9D3-9107-42C0-A96F-06358234999F}.Debug|Any CPU.ActiveCfg = Debug|Any CPU
		{799EC9D3-9107-42C0-A96F-06358234999F}.Debug|Any CPU.Build.0 = Debug|Any CPU
		{799EC9D3-9107-42C0-A96F-06358234999F}.Debug|x64.ActiveCfg = Debug|Any CPU
		{799EC9D3-9107-42C0-A96F-06358234999F}.Debug|x64.Build.0 = Debug|Any CPU
		{799EC9D3-9107-42C0-A96F-06358234999F}.Debug|x86.ActiveCfg = Debug|Any CPU
		{799EC9D3-9107-42C0-A96F-06358234999F}.Debug|x86.Build.0 = Debug|Any CPU
		{799EC9D3-9107-42C0-A96F-06358234999F}.Release|Any CPU.ActiveCfg = Release|Any CPU
		{799EC9D3-9107-42C0-A96F-06358234999F}.Release|Any CPU.Build.0 = Release|Any CPU
		{799EC9D3-9107-42C0-A96F-06358234999F}.Release|x64.ActiveCfg = Release|Any CPU
		{799EC9D3-9107-42C0-A96F-06358234999F}.Release|x64.Build.0 = Release|Any CPU
		{799EC9D3-9107-42C0-A96F-06358234999F}.Release|x86.ActiveCfg = Release|Any CPU
		{799EC9D3-9107-42C0-A96F-06358234999F}.Release|x86.Build.0 = Release|Any CPU
		{DD891CCF-002F-4B4D-8E14-0C65F17CD225}.Debug|Any CPU.ActiveCfg = Debug|Any CPU
		{DD891CCF-002F-4B4D-8E14-0C65F17CD225}.Debug|Any CPU.Build.0 = Debug|Any CPU
		{DD891CCF-002F-4B4D-8E14-0C65F17CD225}.Debug|x64.ActiveCfg = Debug|Any CPU
		{DD891CCF-002F-4B4D-8E14-0C65F17CD225}.Debug|x64.Build.0 = Debug|Any CPU
		{DD891CCF-002F-4B4D-8E14-0C65F17CD225}.Debug|x86.ActiveCfg = Debug|Any CPU
		{DD891CCF-002F-4B4D-8E14-0C65F17CD225}.Debug|x86.Build.0 = Debug|Any CPU
		{DD891CCF-002F-4B4D-8E14-0C65F17CD225}.Release|Any CPU.ActiveCfg = Release|Any CPU
		{DD891CCF-002F-4B4D-8E14-0C65F17CD225}.Release|Any CPU.Build.0 = Release|Any CPU
		{DD891CCF-002F-4B4D-8E14-0C65F17CD225}.Release|x64.ActiveCfg = Release|Any CPU
		{DD891CCF-002F-4B4D-8E14-0C65F17CD225}.Release|x64.Build.0 = Release|Any CPU
		{DD891CCF-002F-4B4D-8E14-0C65F17CD225}.Release|x86.ActiveCfg = Release|Any CPU
		{DD891CCF-002F-4B4D-8E14-0C65F17CD225}.Release|x86.Build.0 = Release|Any CPU
		{02DE308A-4DAC-4DA6-B42E-CB25E9311040}.Debug|Any CPU.ActiveCfg = Debug|Any CPU
		{02DE308A-4DAC-4DA6-B42E-CB25E9311040}.Debug|Any CPU.Build.0 = Debug|Any CPU
		{02DE308A-4DAC-4DA6-B42E-CB25E9311040}.Debug|x64.ActiveCfg = Debug|Any CPU
		{02DE308A-4DAC-4DA6-B42E-CB25E9311040}.Debug|x64.Build.0 = Debug|Any CPU
		{02DE308A-4DAC-4DA6-B42E-CB25E9311040}.Debug|x86.ActiveCfg = Debug|Any CPU
		{02DE308A-4DAC-4DA6-B42E-CB25E9311040}.Debug|x86.Build.0 = Debug|Any CPU
		{02DE308A-4DAC-4DA6-B42E-CB25E9311040}.Release|Any CPU.ActiveCfg = Release|Any CPU
		{02DE308A-4DAC-4DA6-B42E-CB25E9311040}.Release|Any CPU.Build.0 = Release|Any CPU
		{02DE308A-4DAC-4DA6-B42E-CB25E9311040}.Release|x64.ActiveCfg = Release|Any CPU
		{02DE308A-4DAC-4DA6-B42E-CB25E9311040}.Release|x64.Build.0 = Release|Any CPU
		{02DE308A-4DAC-4DA6-B42E-CB25E9311040}.Release|x86.ActiveCfg = Release|Any CPU
		{02DE308A-4DAC-4DA6-B42E-CB25E9311040}.Release|x86.Build.0 = Release|Any CPU
		{857A6E43-10CE-45D4-B0AC-378E1C1D71B7}.Debug|Any CPU.ActiveCfg = Debug|Any CPU
		{857A6E43-10CE-45D4-B0AC-378E1C1D71B7}.Debug|Any CPU.Build.0 = Debug|Any CPU
		{857A6E43-10CE-45D4-B0AC-378E1C1D71B7}.Debug|x64.ActiveCfg = Debug|Any CPU
		{857A6E43-10CE-45D4-B0AC-378E1C1D71B7}.Debug|x64.Build.0 = Debug|Any CPU
		{857A6E43-10CE-45D4-B0AC-378E1C1D71B7}.Debug|x86.ActiveCfg = Debug|Any CPU
		{857A6E43-10CE-45D4-B0AC-378E1C1D71B7}.Debug|x86.Build.0 = Debug|Any CPU
		{857A6E43-10CE-45D4-B0AC-378E1C1D71B7}.Release|Any CPU.ActiveCfg = Release|Any CPU
		{857A6E43-10CE-45D4-B0AC-378E1C1D71B7}.Release|Any CPU.Build.0 = Release|Any CPU
		{857A6E43-10CE-45D4-B0AC-378E1C1D71B7}.Release|x64.ActiveCfg = Release|Any CPU
		{857A6E43-10CE-45D4-B0AC-378E1C1D71B7}.Release|x64.Build.0 = Release|Any CPU
		{857A6E43-10CE-45D4-B0AC-378E1C1D71B7}.Release|x86.ActiveCfg = Release|Any CPU
		{857A6E43-10CE-45D4-B0AC-378E1C1D71B7}.Release|x86.Build.0 = Release|Any CPU
		{175ED76C-3B66-4F7F-9153-44E1C0F071C2}.Debug|Any CPU.ActiveCfg = Debug|Any CPU
		{175ED76C-3B66-4F7F-9153-44E1C0F071C2}.Debug|Any CPU.Build.0 = Debug|Any CPU
		{175ED76C-3B66-4F7F-9153-44E1C0F071C2}.Debug|x64.ActiveCfg = Debug|Any CPU
		{175ED76C-3B66-4F7F-9153-44E1C0F071C2}.Debug|x64.Build.0 = Debug|Any CPU
		{175ED76C-3B66-4F7F-9153-44E1C0F071C2}.Debug|x86.ActiveCfg = Debug|Any CPU
		{175ED76C-3B66-4F7F-9153-44E1C0F071C2}.Debug|x86.Build.0 = Debug|Any CPU
		{175ED76C-3B66-4F7F-9153-44E1C0F071C2}.Release|Any CPU.ActiveCfg = Release|Any CPU
		{175ED76C-3B66-4F7F-9153-44E1C0F071C2}.Release|Any CPU.Build.0 = Release|Any CPU
		{175ED76C-3B66-4F7F-9153-44E1C0F071C2}.Release|x64.ActiveCfg = Release|Any CPU
		{175ED76C-3B66-4F7F-9153-44E1C0F071C2}.Release|x64.Build.0 = Release|Any CPU
		{175ED76C-3B66-4F7F-9153-44E1C0F071C2}.Release|x86.ActiveCfg = Release|Any CPU
		{175ED76C-3B66-4F7F-9153-44E1C0F071C2}.Release|x86.Build.0 = Release|Any CPU
		{CDAE86D0-B9D5-431D-B78B-C70C5F9C6A6A}.Debug|Any CPU.ActiveCfg = Debug|Any CPU
		{CDAE86D0-B9D5-431D-B78B-C70C5F9C6A6A}.Debug|Any CPU.Build.0 = Debug|Any CPU
		{CDAE86D0-B9D5-431D-B78B-C70C5F9C6A6A}.Debug|x64.ActiveCfg = Debug|Any CPU
		{CDAE86D0-B9D5-431D-B78B-C70C5F9C6A6A}.Debug|x64.Build.0 = Debug|Any CPU
		{CDAE86D0-B9D5-431D-B78B-C70C5F9C6A6A}.Debug|x86.ActiveCfg = Debug|Any CPU
		{CDAE86D0-B9D5-431D-B78B-C70C5F9C6A6A}.Debug|x86.Build.0 = Debug|Any CPU
		{CDAE86D0-B9D5-431D-B78B-C70C5F9C6A6A}.Release|Any CPU.ActiveCfg = Release|Any CPU
		{CDAE86D0-B9D5-431D-B78B-C70C5F9C6A6A}.Release|Any CPU.Build.0 = Release|Any CPU
		{CDAE86D0-B9D5-431D-B78B-C70C5F9C6A6A}.Release|x64.ActiveCfg = Release|Any CPU
		{CDAE86D0-B9D5-431D-B78B-C70C5F9C6A6A}.Release|x64.Build.0 = Release|Any CPU
		{CDAE86D0-B9D5-431D-B78B-C70C5F9C6A6A}.Release|x86.ActiveCfg = Release|Any CPU
		{CDAE86D0-B9D5-431D-B78B-C70C5F9C6A6A}.Release|x86.Build.0 = Release|Any CPU
		{035EB546-C3FC-4FA0-BAFA-3A7526DE9B64}.Debug|Any CPU.ActiveCfg = Debug|Any CPU
		{035EB546-C3FC-4FA0-BAFA-3A7526DE9B64}.Debug|Any CPU.Build.0 = Debug|Any CPU
		{035EB546-C3FC-4FA0-BAFA-3A7526DE9B64}.Debug|x64.ActiveCfg = Debug|Any CPU
		{035EB546-C3FC-4FA0-BAFA-3A7526DE9B64}.Debug|x64.Build.0 = Debug|Any CPU
		{035EB546-C3FC-4FA0-BAFA-3A7526DE9B64}.Debug|x86.ActiveCfg = Debug|Any CPU
		{035EB546-C3FC-4FA0-BAFA-3A7526DE9B64}.Debug|x86.Build.0 = Debug|Any CPU
		{035EB546-C3FC-4FA0-BAFA-3A7526DE9B64}.Release|Any CPU.ActiveCfg = Release|Any CPU
		{035EB546-C3FC-4FA0-BAFA-3A7526DE9B64}.Release|Any CPU.Build.0 = Release|Any CPU
		{035EB546-C3FC-4FA0-BAFA-3A7526DE9B64}.Release|x64.ActiveCfg = Release|Any CPU
		{035EB546-C3FC-4FA0-BAFA-3A7526DE9B64}.Release|x64.Build.0 = Release|Any CPU
		{035EB546-C3FC-4FA0-BAFA-3A7526DE9B64}.Release|x86.ActiveCfg = Release|Any CPU
		{035EB546-C3FC-4FA0-BAFA-3A7526DE9B64}.Release|x86.Build.0 = Release|Any CPU
		{7A0991FF-3169-4761-8A78-682D35433153}.Debug|Any CPU.ActiveCfg = Debug|Any CPU
		{7A0991FF-3169-4761-8A78-682D35433153}.Debug|Any CPU.Build.0 = Debug|Any CPU
		{7A0991FF-3169-4761-8A78-682D35433153}.Debug|x64.ActiveCfg = Debug|Any CPU
		{7A0991FF-3169-4761-8A78-682D35433153}.Debug|x64.Build.0 = Debug|Any CPU
		{7A0991FF-3169-4761-8A78-682D35433153}.Debug|x86.ActiveCfg = Debug|Any CPU
		{7A0991FF-3169-4761-8A78-682D35433153}.Debug|x86.Build.0 = Debug|Any CPU
		{7A0991FF-3169-4761-8A78-682D35433153}.Release|Any CPU.ActiveCfg = Release|Any CPU
		{7A0991FF-3169-4761-8A78-682D35433153}.Release|Any CPU.Build.0 = Release|Any CPU
		{7A0991FF-3169-4761-8A78-682D35433153}.Release|x64.ActiveCfg = Release|Any CPU
		{7A0991FF-3169-4761-8A78-682D35433153}.Release|x64.Build.0 = Release|Any CPU
		{7A0991FF-3169-4761-8A78-682D35433153}.Release|x86.ActiveCfg = Release|Any CPU
		{7A0991FF-3169-4761-8A78-682D35433153}.Release|x86.Build.0 = Release|Any CPU
		{AC59B91F-304C-492C-8656-EF6D744AFA30}.Debug|Any CPU.ActiveCfg = Debug|Any CPU
		{AC59B91F-304C-492C-8656-EF6D744AFA30}.Debug|Any CPU.Build.0 = Debug|Any CPU
		{AC59B91F-304C-492C-8656-EF6D744AFA30}.Debug|x64.ActiveCfg = Debug|Any CPU
		{AC59B91F-304C-492C-8656-EF6D744AFA30}.Debug|x64.Build.0 = Debug|Any CPU
		{AC59B91F-304C-492C-8656-EF6D744AFA30}.Debug|x86.ActiveCfg = Debug|Any CPU
		{AC59B91F-304C-492C-8656-EF6D744AFA30}.Debug|x86.Build.0 = Debug|Any CPU
		{AC59B91F-304C-492C-8656-EF6D744AFA30}.Release|Any CPU.ActiveCfg = Release|Any CPU
		{AC59B91F-304C-492C-8656-EF6D744AFA30}.Release|Any CPU.Build.0 = Release|Any CPU
		{AC59B91F-304C-492C-8656-EF6D744AFA30}.Release|x64.ActiveCfg = Release|Any CPU
		{AC59B91F-304C-492C-8656-EF6D744AFA30}.Release|x64.Build.0 = Release|Any CPU
		{AC59B91F-304C-492C-8656-EF6D744AFA30}.Release|x86.ActiveCfg = Release|Any CPU
		{AC59B91F-304C-492C-8656-EF6D744AFA30}.Release|x86.Build.0 = Release|Any CPU
		{9DF6594F-7B04-4186-A557-4DBDE083282A}.Debug|Any CPU.ActiveCfg = Debug|Any CPU
		{9DF6594F-7B04-4186-A557-4DBDE083282A}.Debug|Any CPU.Build.0 = Debug|Any CPU
		{9DF6594F-7B04-4186-A557-4DBDE083282A}.Debug|x64.ActiveCfg = Debug|Any CPU
		{9DF6594F-7B04-4186-A557-4DBDE083282A}.Debug|x64.Build.0 = Debug|Any CPU
		{9DF6594F-7B04-4186-A557-4DBDE083282A}.Debug|x86.ActiveCfg = Debug|Any CPU
		{9DF6594F-7B04-4186-A557-4DBDE083282A}.Debug|x86.Build.0 = Debug|Any CPU
		{9DF6594F-7B04-4186-A557-4DBDE083282A}.Release|Any CPU.ActiveCfg = Release|Any CPU
		{9DF6594F-7B04-4186-A557-4DBDE083282A}.Release|Any CPU.Build.0 = Release|Any CPU
		{9DF6594F-7B04-4186-A557-4DBDE083282A}.Release|x64.ActiveCfg = Release|Any CPU
		{9DF6594F-7B04-4186-A557-4DBDE083282A}.Release|x64.Build.0 = Release|Any CPU
		{9DF6594F-7B04-4186-A557-4DBDE083282A}.Release|x86.ActiveCfg = Release|Any CPU
		{9DF6594F-7B04-4186-A557-4DBDE083282A}.Release|x86.Build.0 = Release|Any CPU
		{0CEB3F74-4E69-40E9-869F-BED82718C055}.Debug|Any CPU.ActiveCfg = Debug|Any CPU
		{0CEB3F74-4E69-40E9-869F-BED82718C055}.Debug|Any CPU.Build.0 = Debug|Any CPU
		{0CEB3F74-4E69-40E9-869F-BED82718C055}.Debug|x64.ActiveCfg = Debug|Any CPU
		{0CEB3F74-4E69-40E9-869F-BED82718C055}.Debug|x64.Build.0 = Debug|Any CPU
		{0CEB3F74-4E69-40E9-869F-BED82718C055}.Debug|x86.ActiveCfg = Debug|Any CPU
		{0CEB3F74-4E69-40E9-869F-BED82718C055}.Debug|x86.Build.0 = Debug|Any CPU
		{0CEB3F74-4E69-40E9-869F-BED82718C055}.Release|Any CPU.ActiveCfg = Release|Any CPU
		{0CEB3F74-4E69-40E9-869F-BED82718C055}.Release|Any CPU.Build.0 = Release|Any CPU
		{0CEB3F74-4E69-40E9-869F-BED82718C055}.Release|x64.ActiveCfg = Release|Any CPU
		{0CEB3F74-4E69-40E9-869F-BED82718C055}.Release|x64.Build.0 = Release|Any CPU
		{0CEB3F74-4E69-40E9-869F-BED82718C055}.Release|x86.ActiveCfg = Release|Any CPU
		{0CEB3F74-4E69-40E9-869F-BED82718C055}.Release|x86.Build.0 = Release|Any CPU
		{18854C49-B557-49CA-A8FF-C5DB2E81FB98}.Debug|Any CPU.ActiveCfg = Debug|Any CPU
		{18854C49-B557-49CA-A8FF-C5DB2E81FB98}.Debug|Any CPU.Build.0 = Debug|Any CPU
		{18854C49-B557-49CA-A8FF-C5DB2E81FB98}.Debug|x64.ActiveCfg = Debug|Any CPU
		{18854C49-B557-49CA-A8FF-C5DB2E81FB98}.Debug|x64.Build.0 = Debug|Any CPU
		{18854C49-B557-49CA-A8FF-C5DB2E81FB98}.Debug|x86.ActiveCfg = Debug|Any CPU
		{18854C49-B557-49CA-A8FF-C5DB2E81FB98}.Debug|x86.Build.0 = Debug|Any CPU
		{18854C49-B557-49CA-A8FF-C5DB2E81FB98}.Release|Any CPU.ActiveCfg = Release|Any CPU
		{18854C49-B557-49CA-A8FF-C5DB2E81FB98}.Release|Any CPU.Build.0 = Release|Any CPU
		{18854C49-B557-49CA-A8FF-C5DB2E81FB98}.Release|x64.ActiveCfg = Release|Any CPU
		{18854C49-B557-49CA-A8FF-C5DB2E81FB98}.Release|x64.Build.0 = Release|Any CPU
		{18854C49-B557-49CA-A8FF-C5DB2E81FB98}.Release|x86.ActiveCfg = Release|Any CPU
		{18854C49-B557-49CA-A8FF-C5DB2E81FB98}.Release|x86.Build.0 = Release|Any CPU
		{E89E0064-81A9-488F-9189-FE9BA7A6667B}.Debug|Any CPU.ActiveCfg = Debug|Any CPU
		{E89E0064-81A9-488F-9189-FE9BA7A6667B}.Debug|Any CPU.Build.0 = Debug|Any CPU
		{E89E0064-81A9-488F-9189-FE9BA7A6667B}.Debug|x64.ActiveCfg = Debug|Any CPU
		{E89E0064-81A9-488F-9189-FE9BA7A6667B}.Debug|x64.Build.0 = Debug|Any CPU
		{E89E0064-81A9-488F-9189-FE9BA7A6667B}.Debug|x86.ActiveCfg = Debug|Any CPU
		{E89E0064-81A9-488F-9189-FE9BA7A6667B}.Debug|x86.Build.0 = Debug|Any CPU
		{E89E0064-81A9-488F-9189-FE9BA7A6667B}.Release|Any CPU.ActiveCfg = Release|Any CPU
		{E89E0064-81A9-488F-9189-FE9BA7A6667B}.Release|Any CPU.Build.0 = Release|Any CPU
		{E89E0064-81A9-488F-9189-FE9BA7A6667B}.Release|x64.ActiveCfg = Release|Any CPU
		{E89E0064-81A9-488F-9189-FE9BA7A6667B}.Release|x64.Build.0 = Release|Any CPU
		{E89E0064-81A9-488F-9189-FE9BA7A6667B}.Release|x86.ActiveCfg = Release|Any CPU
		{E89E0064-81A9-488F-9189-FE9BA7A6667B}.Release|x86.Build.0 = Release|Any CPU
		{112C7D8E-DD10-48E1-A26E-2D8AA273A30B}.Debug|Any CPU.ActiveCfg = Debug|Any CPU
		{112C7D8E-DD10-48E1-A26E-2D8AA273A30B}.Debug|Any CPU.Build.0 = Debug|Any CPU
		{112C7D8E-DD10-48E1-A26E-2D8AA273A30B}.Debug|x64.ActiveCfg = Debug|Any CPU
		{112C7D8E-DD10-48E1-A26E-2D8AA273A30B}.Debug|x64.Build.0 = Debug|Any CPU
		{112C7D8E-DD10-48E1-A26E-2D8AA273A30B}.Debug|x86.ActiveCfg = Debug|Any CPU
		{112C7D8E-DD10-48E1-A26E-2D8AA273A30B}.Debug|x86.Build.0 = Debug|Any CPU
		{112C7D8E-DD10-48E1-A26E-2D8AA273A30B}.Release|Any CPU.ActiveCfg = Release|Any CPU
		{112C7D8E-DD10-48E1-A26E-2D8AA273A30B}.Release|Any CPU.Build.0 = Release|Any CPU
		{112C7D8E-DD10-48E1-A26E-2D8AA273A30B}.Release|x64.ActiveCfg = Release|Any CPU
		{112C7D8E-DD10-48E1-A26E-2D8AA273A30B}.Release|x64.Build.0 = Release|Any CPU
		{112C7D8E-DD10-48E1-A26E-2D8AA273A30B}.Release|x86.ActiveCfg = Release|Any CPU
		{112C7D8E-DD10-48E1-A26E-2D8AA273A30B}.Release|x86.Build.0 = Release|Any CPU
		{BD3A4792-8AD7-404C-B525-CBFFBBC806A2}.Debug|Any CPU.ActiveCfg = Debug|Any CPU
		{BD3A4792-8AD7-404C-B525-CBFFBBC806A2}.Debug|Any CPU.Build.0 = Debug|Any CPU
		{BD3A4792-8AD7-404C-B525-CBFFBBC806A2}.Debug|x64.ActiveCfg = Debug|Any CPU
		{BD3A4792-8AD7-404C-B525-CBFFBBC806A2}.Debug|x64.Build.0 = Debug|Any CPU
		{BD3A4792-8AD7-404C-B525-CBFFBBC806A2}.Debug|x86.ActiveCfg = Debug|Any CPU
		{BD3A4792-8AD7-404C-B525-CBFFBBC806A2}.Debug|x86.Build.0 = Debug|Any CPU
		{BD3A4792-8AD7-404C-B525-CBFFBBC806A2}.Release|Any CPU.ActiveCfg = Release|Any CPU
		{BD3A4792-8AD7-404C-B525-CBFFBBC806A2}.Release|Any CPU.Build.0 = Release|Any CPU
		{BD3A4792-8AD7-404C-B525-CBFFBBC806A2}.Release|x64.ActiveCfg = Release|Any CPU
		{BD3A4792-8AD7-404C-B525-CBFFBBC806A2}.Release|x64.Build.0 = Release|Any CPU
		{BD3A4792-8AD7-404C-B525-CBFFBBC806A2}.Release|x86.ActiveCfg = Release|Any CPU
		{BD3A4792-8AD7-404C-B525-CBFFBBC806A2}.Release|x86.Build.0 = Release|Any CPU
		{A4D5FF37-B7FE-4D7A-AEDB-49D4B51369D2}.Debug|Any CPU.ActiveCfg = Debug|Any CPU
		{A4D5FF37-B7FE-4D7A-AEDB-49D4B51369D2}.Debug|Any CPU.Build.0 = Debug|Any CPU
		{A4D5FF37-B7FE-4D7A-AEDB-49D4B51369D2}.Debug|x64.ActiveCfg = Debug|Any CPU
		{A4D5FF37-B7FE-4D7A-AEDB-49D4B51369D2}.Debug|x64.Build.0 = Debug|Any CPU
		{A4D5FF37-B7FE-4D7A-AEDB-49D4B51369D2}.Debug|x86.ActiveCfg = Debug|Any CPU
		{A4D5FF37-B7FE-4D7A-AEDB-49D4B51369D2}.Debug|x86.Build.0 = Debug|Any CPU
		{A4D5FF37-B7FE-4D7A-AEDB-49D4B51369D2}.Release|Any CPU.ActiveCfg = Release|Any CPU
		{A4D5FF37-B7FE-4D7A-AEDB-49D4B51369D2}.Release|Any CPU.Build.0 = Release|Any CPU
		{A4D5FF37-B7FE-4D7A-AEDB-49D4B51369D2}.Release|x64.ActiveCfg = Release|Any CPU
		{A4D5FF37-B7FE-4D7A-AEDB-49D4B51369D2}.Release|x64.Build.0 = Release|Any CPU
		{A4D5FF37-B7FE-4D7A-AEDB-49D4B51369D2}.Release|x86.ActiveCfg = Release|Any CPU
		{A4D5FF37-B7FE-4D7A-AEDB-49D4B51369D2}.Release|x86.Build.0 = Release|Any CPU
		{43BC9778-0802-4054-BE0D-07047ABFF905}.Debug|Any CPU.ActiveCfg = Debug|Any CPU
		{43BC9778-0802-4054-BE0D-07047ABFF905}.Debug|Any CPU.Build.0 = Debug|Any CPU
		{43BC9778-0802-4054-BE0D-07047ABFF905}.Debug|x64.ActiveCfg = Debug|Any CPU
		{43BC9778-0802-4054-BE0D-07047ABFF905}.Debug|x64.Build.0 = Debug|Any CPU
		{43BC9778-0802-4054-BE0D-07047ABFF905}.Debug|x86.ActiveCfg = Debug|Any CPU
		{43BC9778-0802-4054-BE0D-07047ABFF905}.Debug|x86.Build.0 = Debug|Any CPU
		{43BC9778-0802-4054-BE0D-07047ABFF905}.Release|Any CPU.ActiveCfg = Release|Any CPU
		{43BC9778-0802-4054-BE0D-07047ABFF905}.Release|Any CPU.Build.0 = Release|Any CPU
		{43BC9778-0802-4054-BE0D-07047ABFF905}.Release|x64.ActiveCfg = Release|Any CPU
		{43BC9778-0802-4054-BE0D-07047ABFF905}.Release|x64.Build.0 = Release|Any CPU
		{43BC9778-0802-4054-BE0D-07047ABFF905}.Release|x86.ActiveCfg = Release|Any CPU
		{43BC9778-0802-4054-BE0D-07047ABFF905}.Release|x86.Build.0 = Release|Any CPU
		{A9E1BF29-CC66-4A4D-A584-22CAB884855F}.Debug|Any CPU.ActiveCfg = Debug|Any CPU
		{A9E1BF29-CC66-4A4D-A584-22CAB884855F}.Debug|Any CPU.Build.0 = Debug|Any CPU
		{A9E1BF29-CC66-4A4D-A584-22CAB884855F}.Debug|x64.ActiveCfg = Debug|Any CPU
		{A9E1BF29-CC66-4A4D-A584-22CAB884855F}.Debug|x64.Build.0 = Debug|Any CPU
		{A9E1BF29-CC66-4A4D-A584-22CAB884855F}.Debug|x86.ActiveCfg = Debug|Any CPU
		{A9E1BF29-CC66-4A4D-A584-22CAB884855F}.Debug|x86.Build.0 = Debug|Any CPU
		{A9E1BF29-CC66-4A4D-A584-22CAB884855F}.Release|Any CPU.ActiveCfg = Release|Any CPU
		{A9E1BF29-CC66-4A4D-A584-22CAB884855F}.Release|Any CPU.Build.0 = Release|Any CPU
		{A9E1BF29-CC66-4A4D-A584-22CAB884855F}.Release|x64.ActiveCfg = Release|Any CPU
		{A9E1BF29-CC66-4A4D-A584-22CAB884855F}.Release|x64.Build.0 = Release|Any CPU
		{A9E1BF29-CC66-4A4D-A584-22CAB884855F}.Release|x86.ActiveCfg = Release|Any CPU
		{A9E1BF29-CC66-4A4D-A584-22CAB884855F}.Release|x86.Build.0 = Release|Any CPU
		{BB726451-EB33-4803-A1A2-1BBAD0E7125A}.Debug|Any CPU.ActiveCfg = Debug|Any CPU
		{BB726451-EB33-4803-A1A2-1BBAD0E7125A}.Debug|Any CPU.Build.0 = Debug|Any CPU
		{BB726451-EB33-4803-A1A2-1BBAD0E7125A}.Debug|x64.ActiveCfg = Debug|Any CPU
		{BB726451-EB33-4803-A1A2-1BBAD0E7125A}.Debug|x64.Build.0 = Debug|Any CPU
		{BB726451-EB33-4803-A1A2-1BBAD0E7125A}.Debug|x86.ActiveCfg = Debug|Any CPU
		{BB726451-EB33-4803-A1A2-1BBAD0E7125A}.Debug|x86.Build.0 = Debug|Any CPU
		{BB726451-EB33-4803-A1A2-1BBAD0E7125A}.Release|Any CPU.ActiveCfg = Release|Any CPU
		{BB726451-EB33-4803-A1A2-1BBAD0E7125A}.Release|Any CPU.Build.0 = Release|Any CPU
		{BB726451-EB33-4803-A1A2-1BBAD0E7125A}.Release|x64.ActiveCfg = Release|Any CPU
		{BB726451-EB33-4803-A1A2-1BBAD0E7125A}.Release|x64.Build.0 = Release|Any CPU
		{BB726451-EB33-4803-A1A2-1BBAD0E7125A}.Release|x86.ActiveCfg = Release|Any CPU
		{BB726451-EB33-4803-A1A2-1BBAD0E7125A}.Release|x86.Build.0 = Release|Any CPU
		{60F31AF9-20E7-4213-A4C1-4BC209A3ED18}.Debug|Any CPU.ActiveCfg = Debug|Any CPU
		{60F31AF9-20E7-4213-A4C1-4BC209A3ED18}.Debug|Any CPU.Build.0 = Debug|Any CPU
		{60F31AF9-20E7-4213-A4C1-4BC209A3ED18}.Debug|x64.ActiveCfg = Debug|Any CPU
		{60F31AF9-20E7-4213-A4C1-4BC209A3ED18}.Debug|x64.Build.0 = Debug|Any CPU
		{60F31AF9-20E7-4213-A4C1-4BC209A3ED18}.Debug|x86.ActiveCfg = Debug|Any CPU
		{60F31AF9-20E7-4213-A4C1-4BC209A3ED18}.Debug|x86.Build.0 = Debug|Any CPU
		{60F31AF9-20E7-4213-A4C1-4BC209A3ED18}.Release|Any CPU.ActiveCfg = Release|Any CPU
		{60F31AF9-20E7-4213-A4C1-4BC209A3ED18}.Release|Any CPU.Build.0 = Release|Any CPU
		{60F31AF9-20E7-4213-A4C1-4BC209A3ED18}.Release|x64.ActiveCfg = Release|Any CPU
		{60F31AF9-20E7-4213-A4C1-4BC209A3ED18}.Release|x64.Build.0 = Release|Any CPU
		{60F31AF9-20E7-4213-A4C1-4BC209A3ED18}.Release|x86.ActiveCfg = Release|Any CPU
		{60F31AF9-20E7-4213-A4C1-4BC209A3ED18}.Release|x86.Build.0 = Release|Any CPU
	EndGlobalSection
	GlobalSection(NestedProjects) = preSolution
		{422A68C8-B8EA-4527-BFB3-443956F45930} = {E7399C0B-BA25-4A4E-B97D-14CE02EFD9C6}
		{799EC9D3-9107-42C0-A96F-06358234999F} = {0BC23F20-C0FA-417F-8CFB-EE50B82C89DE}
		{DD891CCF-002F-4B4D-8E14-0C65F17CD225} = {0BC23F20-C0FA-417F-8CFB-EE50B82C89DE}
		{02DE308A-4DAC-4DA6-B42E-CB25E9311040} = {E7399C0B-BA25-4A4E-B97D-14CE02EFD9C6}
		{857A6E43-10CE-45D4-B0AC-378E1C1D71B7} = {0BC23F20-C0FA-417F-8CFB-EE50B82C89DE}
		{175ED76C-3B66-4F7F-9153-44E1C0F071C2} = {E7399C0B-BA25-4A4E-B97D-14CE02EFD9C6}
		{CDAE86D0-B9D5-431D-B78B-C70C5F9C6A6A} = {0BC23F20-C0FA-417F-8CFB-EE50B82C89DE}
		{035EB546-C3FC-4FA0-BAFA-3A7526DE9B64} = {E7399C0B-BA25-4A4E-B97D-14CE02EFD9C6}
		{7A0991FF-3169-4761-8A78-682D35433153} = {0BC23F20-C0FA-417F-8CFB-EE50B82C89DE}
		{AC59B91F-304C-492C-8656-EF6D744AFA30} = {E7399C0B-BA25-4A4E-B97D-14CE02EFD9C6}
		{9DF6594F-7B04-4186-A557-4DBDE083282A} = {0BC23F20-C0FA-417F-8CFB-EE50B82C89DE}
		{0CEB3F74-4E69-40E9-869F-BED82718C055} = {0373B9AD-48B9-4D23-BF1D-BDB78A5B3939}
		{E89E0064-81A9-488F-9189-FE9BA7A6667B} = {E7399C0B-BA25-4A4E-B97D-14CE02EFD9C6}
		{112C7D8E-DD10-48E1-A26E-2D8AA273A30B} = {E7399C0B-BA25-4A4E-B97D-14CE02EFD9C6}
		{BD3A4792-8AD7-404C-B525-CBFFBBC806A2} = {E7399C0B-BA25-4A4E-B97D-14CE02EFD9C6}
		{A4D5FF37-B7FE-4D7A-AEDB-49D4B51369D2} = {E7399C0B-BA25-4A4E-B97D-14CE02EFD9C6}
		{43BC9778-0802-4054-BE0D-07047ABFF905} = {E7399C0B-BA25-4A4E-B97D-14CE02EFD9C6}
		{A9E1BF29-CC66-4A4D-A584-22CAB884855F} = {E7399C0B-BA25-4A4E-B97D-14CE02EFD9C6}
		{BB726451-EB33-4803-A1A2-1BBAD0E7125A} = {0BC23F20-C0FA-417F-8CFB-EE50B82C89DE}
	EndGlobalSection
EndGlobal
