
Microsoft Visual Studio Solution File, Format Version 12.00
# Visual Studio 15
VisualStudioVersion = 15.0.26124.0
MinimumVisualStudioVersion = 15.0.26124.0
Project("{2150E333-8FDC-42A3-9474-1A3956D46DE8}") = "src", "src", "{E7399C0B-BA25-4A4E-B97D-14CE02EFD9C6}"
EndProject
Project("{2150E333-8FDC-42A3-9474-1A3956D46DE8}") = "tests", "tests", "{0BC23F20-C0FA-417F-8CFB-EE50B82C89DE}"
EndProject
Project("{FAE04EC0-301F-11D3-BF4B-00C04F79EFBC}") = "Apocryph.Consensus.Test", "tests\Apocryph.Consensus.Test\Apocryph.Consensus.Test.csproj", "{799EC9D3-9107-42C0-A96F-06358234999F}"
EndProject
Project("{FAE04EC0-301F-11D3-BF4B-00C04F79EFBC}") = "Apocryph.KoTH.Test", "tests\Apocryph.KoTH.Test\Apocryph.KoTH.Test.csproj", "{DD891CCF-002F-4B4D-8E14-0C65F17CD225}"
EndProject
Project("{FAE04EC0-301F-11D3-BF4B-00C04F79EFBC}") = "Apocryph.Consensus.Snowball.Test", "tests\Apocryph.Consensus.Snowball.Test\Apocryph.Consensus.Snowball.Test.csproj", "{857A6E43-10CE-45D4-B0AC-378E1C1D71B7}"
EndProject
Project("{FAE04EC0-301F-11D3-BF4B-00C04F79EFBC}") = "Apocryph.Executor.Test", "tests\Apocryph.Executor.Test\Apocryph.Executor.Test.csproj", "{CDAE86D0-B9D5-431D-B78B-C70C5F9C6A6A}"
EndProject
Project("{FAE04EC0-301F-11D3-BF4B-00C04F79EFBC}") = "Apocryph.Ipfs", "src\Apocryph.Ipfs\Apocryph.Ipfs.csproj", "{035EB546-C3FC-4FA0-BAFA-3A7526DE9B64}"
EndProject
Project("{FAE04EC0-301F-11D3-BF4B-00C04F79EFBC}") = "Apocryph.Ipfs.Test", "tests\Apocryph.Ipfs.Test\Apocryph.Ipfs.Test.csproj", "{7A0991FF-3169-4761-8A78-682D35433153}"
EndProject
Project("{FAE04EC0-301F-11D3-BF4B-00C04F79EFBC}") = "Apocryph.Routing.Test", "tests\Apocryph.Routing.Test\Apocryph.Routing.Test.csproj", "{9DF6594F-7B04-4186-A557-4DBDE083282A}"
EndProject
Project("{2150E333-8FDC-42A3-9474-1A3956D46DE8}") = "samples", "samples", "{0373B9AD-48B9-4D23-BF1D-BDB78A5B3939}"
EndProject
Project("{FAE04EC0-301F-11D3-BF4B-00C04F79EFBC}") = "Perper.WebJobs.Extensions", "perper\functions\runtime\src\Perper.WebJobs.Extensions\Perper.WebJobs.Extensions.csproj", "{18854C49-B557-49CA-A8FF-C5DB2E81FB98}"
EndProject
Project("{FAE04EC0-301F-11D3-BF4B-00C04F79EFBC}") = "Apocryph.Executor.Agent.Tests", "tests\Apocryph.Executor.Agent.Tests\Apocryph.Executor.Agent.Tests.csproj", "{BB726451-EB33-4803-A1A2-1BBAD0E7125A}"
EndProject
Project("{FAE04EC0-301F-11D3-BF4B-00C04F79EFBC}") = "Perper", "perper2\agent\dotnet\src\Perper\Perper.csproj", "{60F31AF9-20E7-4213-A4C1-4BC209A3ED18}"
EndProject
Project("{FAE04EC0-301F-11D3-BF4B-00C04F79EFBC}") = "Apocryph.Consensus.Dummy.Agent.Tests", "tests\Apocryph.Consensus.Dummy.Agent.Tests\Apocryph.Consensus.Dummy.Agent.Tests.csproj", "{E973C5F7-4000-4CB5-9BCA-554EE9632084}"
EndProject
Project("{FAE04EC0-301F-11D3-BF4B-00C04F79EFBC}") = "Apocryph.Testing", "tests\Apocryph.Testing\Apocryph.Testing.csproj", "{4EAB1B25-065A-4C22-A7B5-3D80AC07D275}"
EndProject
Project("{FAE04EC0-301F-11D3-BF4B-00C04F79EFBC}") = "Apocryph", "src\Apocryph\Apocryph.csproj", "{72AC0823-F6C9-4912-BF6A-4984E3C7A3E2}"
EndProject
Project("{FAE04EC0-301F-11D3-BF4B-00C04F79EFBC}") = "Apocryph.Tests", "tests\Apocryph.Tests\Apocryph.Tests.csproj", "{CADF281E-880D-478C-8E5E-C91FBA6F42C7}"
EndProject
Project("{FAE04EC0-301F-11D3-BF4B-00C04F79EFBC}") = "SampleAgents", "samples\SampleAgents\SampleAgents.csproj", "{D3698F03-BFE1-44DE-92D1-BD4C3D08E810}"
EndProject
Global
	GlobalSection(SolutionConfigurationPlatforms) = preSolution
		Debug|Any CPU = Debug|Any CPU
		Debug|x64 = Debug|x64
		Debug|x86 = Debug|x86
		Release|Any CPU = Release|Any CPU
		Release|x64 = Release|x64
		Release|x86 = Release|x86
	EndGlobalSection
	GlobalSection(SolutionProperties) = preSolution
		HideSolutionNode = FALSE
	EndGlobalSection
	GlobalSection(ProjectConfigurationPlatforms) = postSolution
		{799EC9D3-9107-42C0-A96F-06358234999F}.Debug|Any CPU.ActiveCfg = Debug|Any CPU
		{799EC9D3-9107-42C0-A96F-06358234999F}.Debug|Any CPU.Build.0 = Debug|Any CPU
		{799EC9D3-9107-42C0-A96F-06358234999F}.Debug|x64.ActiveCfg = Debug|Any CPU
		{799EC9D3-9107-42C0-A96F-06358234999F}.Debug|x64.Build.0 = Debug|Any CPU
		{799EC9D3-9107-42C0-A96F-06358234999F}.Debug|x86.ActiveCfg = Debug|Any CPU
		{799EC9D3-9107-42C0-A96F-06358234999F}.Debug|x86.Build.0 = Debug|Any CPU
		{799EC9D3-9107-42C0-A96F-06358234999F}.Release|Any CPU.ActiveCfg = Release|Any CPU
		{799EC9D3-9107-42C0-A96F-06358234999F}.Release|Any CPU.Build.0 = Release|Any CPU
		{799EC9D3-9107-42C0-A96F-06358234999F}.Release|x64.ActiveCfg = Release|Any CPU
		{799EC9D3-9107-42C0-A96F-06358234999F}.Release|x64.Build.0 = Release|Any CPU
		{799EC9D3-9107-42C0-A96F-06358234999F}.Release|x86.ActiveCfg = Release|Any CPU
		{799EC9D3-9107-42C0-A96F-06358234999F}.Release|x86.Build.0 = Release|Any CPU
		{DD891CCF-002F-4B4D-8E14-0C65F17CD225}.Debug|Any CPU.ActiveCfg = Debug|Any CPU
		{DD891CCF-002F-4B4D-8E14-0C65F17CD225}.Debug|Any CPU.Build.0 = Debug|Any CPU
		{DD891CCF-002F-4B4D-8E14-0C65F17CD225}.Debug|x64.ActiveCfg = Debug|Any CPU
		{DD891CCF-002F-4B4D-8E14-0C65F17CD225}.Debug|x64.Build.0 = Debug|Any CPU
		{DD891CCF-002F-4B4D-8E14-0C65F17CD225}.Debug|x86.ActiveCfg = Debug|Any CPU
		{DD891CCF-002F-4B4D-8E14-0C65F17CD225}.Debug|x86.Build.0 = Debug|Any CPU
		{DD891CCF-002F-4B4D-8E14-0C65F17CD225}.Release|Any CPU.ActiveCfg = Release|Any CPU
		{DD891CCF-002F-4B4D-8E14-0C65F17CD225}.Release|Any CPU.Build.0 = Release|Any CPU
		{DD891CCF-002F-4B4D-8E14-0C65F17CD225}.Release|x64.ActiveCfg = Release|Any CPU
		{DD891CCF-002F-4B4D-8E14-0C65F17CD225}.Release|x64.Build.0 = Release|Any CPU
		{DD891CCF-002F-4B4D-8E14-0C65F17CD225}.Release|x86.ActiveCfg = Release|Any CPU
		{DD891CCF-002F-4B4D-8E14-0C65F17CD225}.Release|x86.Build.0 = Release|Any CPU
		{857A6E43-10CE-45D4-B0AC-378E1C1D71B7}.Debug|Any CPU.ActiveCfg = Debug|Any CPU
		{857A6E43-10CE-45D4-B0AC-378E1C1D71B7}.Debug|Any CPU.Build.0 = Debug|Any CPU
		{857A6E43-10CE-45D4-B0AC-378E1C1D71B7}.Debug|x64.ActiveCfg = Debug|Any CPU
		{857A6E43-10CE-45D4-B0AC-378E1C1D71B7}.Debug|x64.Build.0 = Debug|Any CPU
		{857A6E43-10CE-45D4-B0AC-378E1C1D71B7}.Debug|x86.ActiveCfg = Debug|Any CPU
		{857A6E43-10CE-45D4-B0AC-378E1C1D71B7}.Debug|x86.Build.0 = Debug|Any CPU
		{857A6E43-10CE-45D4-B0AC-378E1C1D71B7}.Release|Any CPU.ActiveCfg = Release|Any CPU
		{857A6E43-10CE-45D4-B0AC-378E1C1D71B7}.Release|Any CPU.Build.0 = Release|Any CPU
		{857A6E43-10CE-45D4-B0AC-378E1C1D71B7}.Release|x64.ActiveCfg = Release|Any CPU
		{857A6E43-10CE-45D4-B0AC-378E1C1D71B7}.Release|x64.Build.0 = Release|Any CPU
		{857A6E43-10CE-45D4-B0AC-378E1C1D71B7}.Release|x86.ActiveCfg = Release|Any CPU
		{857A6E43-10CE-45D4-B0AC-378E1C1D71B7}.Release|x86.Build.0 = Release|Any CPU
		{CDAE86D0-B9D5-431D-B78B-C70C5F9C6A6A}.Debug|Any CPU.ActiveCfg = Debug|Any CPU
		{CDAE86D0-B9D5-431D-B78B-C70C5F9C6A6A}.Debug|Any CPU.Build.0 = Debug|Any CPU
		{CDAE86D0-B9D5-431D-B78B-C70C5F9C6A6A}.Debug|x64.ActiveCfg = Debug|Any CPU
		{CDAE86D0-B9D5-431D-B78B-C70C5F9C6A6A}.Debug|x64.Build.0 = Debug|Any CPU
		{CDAE86D0-B9D5-431D-B78B-C70C5F9C6A6A}.Debug|x86.ActiveCfg = Debug|Any CPU
		{CDAE86D0-B9D5-431D-B78B-C70C5F9C6A6A}.Debug|x86.Build.0 = Debug|Any CPU
		{CDAE86D0-B9D5-431D-B78B-C70C5F9C6A6A}.Release|Any CPU.ActiveCfg = Release|Any CPU
		{CDAE86D0-B9D5-431D-B78B-C70C5F9C6A6A}.Release|Any CPU.Build.0 = Release|Any CPU
		{CDAE86D0-B9D5-431D-B78B-C70C5F9C6A6A}.Release|x64.ActiveCfg = Release|Any CPU
		{CDAE86D0-B9D5-431D-B78B-C70C5F9C6A6A}.Release|x64.Build.0 = Release|Any CPU
		{CDAE86D0-B9D5-431D-B78B-C70C5F9C6A6A}.Release|x86.ActiveCfg = Release|Any CPU
		{CDAE86D0-B9D5-431D-B78B-C70C5F9C6A6A}.Release|x86.Build.0 = Release|Any CPU
		{035EB546-C3FC-4FA0-BAFA-3A7526DE9B64}.Debug|Any CPU.ActiveCfg = Debug|Any CPU
		{035EB546-C3FC-4FA0-BAFA-3A7526DE9B64}.Debug|Any CPU.Build.0 = Debug|Any CPU
		{035EB546-C3FC-4FA0-BAFA-3A7526DE9B64}.Debug|x64.ActiveCfg = Debug|Any CPU
		{035EB546-C3FC-4FA0-BAFA-3A7526DE9B64}.Debug|x64.Build.0 = Debug|Any CPU
		{035EB546-C3FC-4FA0-BAFA-3A7526DE9B64}.Debug|x86.ActiveCfg = Debug|Any CPU
		{035EB546-C3FC-4FA0-BAFA-3A7526DE9B64}.Debug|x86.Build.0 = Debug|Any CPU
		{035EB546-C3FC-4FA0-BAFA-3A7526DE9B64}.Release|Any CPU.ActiveCfg = Release|Any CPU
		{035EB546-C3FC-4FA0-BAFA-3A7526DE9B64}.Release|Any CPU.Build.0 = Release|Any CPU
		{035EB546-C3FC-4FA0-BAFA-3A7526DE9B64}.Release|x64.ActiveCfg = Release|Any CPU
		{035EB546-C3FC-4FA0-BAFA-3A7526DE9B64}.Release|x64.Build.0 = Release|Any CPU
		{035EB546-C3FC-4FA0-BAFA-3A7526DE9B64}.Release|x86.ActiveCfg = Release|Any CPU
		{035EB546-C3FC-4FA0-BAFA-3A7526DE9B64}.Release|x86.Build.0 = Release|Any CPU
		{7A0991FF-3169-4761-8A78-682D35433153}.Debug|Any CPU.ActiveCfg = Debug|Any CPU
		{7A0991FF-3169-4761-8A78-682D35433153}.Debug|Any CPU.Build.0 = Debug|Any CPU
		{7A0991FF-3169-4761-8A78-682D35433153}.Debug|x64.ActiveCfg = Debug|Any CPU
		{7A0991FF-3169-4761-8A78-682D35433153}.Debug|x64.Build.0 = Debug|Any CPU
		{7A0991FF-3169-4761-8A78-682D35433153}.Debug|x86.ActiveCfg = Debug|Any CPU
		{7A0991FF-3169-4761-8A78-682D35433153}.Debug|x86.Build.0 = Debug|Any CPU
		{7A0991FF-3169-4761-8A78-682D35433153}.Release|Any CPU.ActiveCfg = Release|Any CPU
		{7A0991FF-3169-4761-8A78-682D35433153}.Release|Any CPU.Build.0 = Release|Any CPU
		{7A0991FF-3169-4761-8A78-682D35433153}.Release|x64.ActiveCfg = Release|Any CPU
		{7A0991FF-3169-4761-8A78-682D35433153}.Release|x64.Build.0 = Release|Any CPU
		{7A0991FF-3169-4761-8A78-682D35433153}.Release|x86.ActiveCfg = Release|Any CPU
		{7A0991FF-3169-4761-8A78-682D35433153}.Release|x86.Build.0 = Release|Any CPU
		{9DF6594F-7B04-4186-A557-4DBDE083282A}.Debug|Any CPU.ActiveCfg = Debug|Any CPU
		{9DF6594F-7B04-4186-A557-4DBDE083282A}.Debug|Any CPU.Build.0 = Debug|Any CPU
		{9DF6594F-7B04-4186-A557-4DBDE083282A}.Debug|x64.ActiveCfg = Debug|Any CPU
		{9DF6594F-7B04-4186-A557-4DBDE083282A}.Debug|x64.Build.0 = Debug|Any CPU
		{9DF6594F-7B04-4186-A557-4DBDE083282A}.Debug|x86.ActiveCfg = Debug|Any CPU
		{9DF6594F-7B04-4186-A557-4DBDE083282A}.Debug|x86.Build.0 = Debug|Any CPU
		{9DF6594F-7B04-4186-A557-4DBDE083282A}.Release|Any CPU.ActiveCfg = Release|Any CPU
		{9DF6594F-7B04-4186-A557-4DBDE083282A}.Release|Any CPU.Build.0 = Release|Any CPU
		{9DF6594F-7B04-4186-A557-4DBDE083282A}.Release|x64.ActiveCfg = Release|Any CPU
		{9DF6594F-7B04-4186-A557-4DBDE083282A}.Release|x64.Build.0 = Release|Any CPU
		{9DF6594F-7B04-4186-A557-4DBDE083282A}.Release|x86.ActiveCfg = Release|Any CPU
		{9DF6594F-7B04-4186-A557-4DBDE083282A}.Release|x86.Build.0 = Release|Any CPU
		{18854C49-B557-49CA-A8FF-C5DB2E81FB98}.Debug|Any CPU.ActiveCfg = Debug|Any CPU
		{18854C49-B557-49CA-A8FF-C5DB2E81FB98}.Debug|Any CPU.Build.0 = Debug|Any CPU
		{18854C49-B557-49CA-A8FF-C5DB2E81FB98}.Debug|x64.ActiveCfg = Debug|Any CPU
		{18854C49-B557-49CA-A8FF-C5DB2E81FB98}.Debug|x64.Build.0 = Debug|Any CPU
		{18854C49-B557-49CA-A8FF-C5DB2E81FB98}.Debug|x86.ActiveCfg = Debug|Any CPU
		{18854C49-B557-49CA-A8FF-C5DB2E81FB98}.Debug|x86.Build.0 = Debug|Any CPU
		{18854C49-B557-49CA-A8FF-C5DB2E81FB98}.Release|Any CPU.ActiveCfg = Release|Any CPU
		{18854C49-B557-49CA-A8FF-C5DB2E81FB98}.Release|Any CPU.Build.0 = Release|Any CPU
		{18854C49-B557-49CA-A8FF-C5DB2E81FB98}.Release|x64.ActiveCfg = Release|Any CPU
		{18854C49-B557-49CA-A8FF-C5DB2E81FB98}.Release|x64.Build.0 = Release|Any CPU
		{18854C49-B557-49CA-A8FF-C5DB2E81FB98}.Release|x86.ActiveCfg = Release|Any CPU
		{18854C49-B557-49CA-A8FF-C5DB2E81FB98}.Release|x86.Build.0 = Release|Any CPU
		{BB726451-EB33-4803-A1A2-1BBAD0E7125A}.Debug|Any CPU.ActiveCfg = Debug|Any CPU
		{BB726451-EB33-4803-A1A2-1BBAD0E7125A}.Debug|Any CPU.Build.0 = Debug|Any CPU
		{BB726451-EB33-4803-A1A2-1BBAD0E7125A}.Debug|x64.ActiveCfg = Debug|Any CPU
		{BB726451-EB33-4803-A1A2-1BBAD0E7125A}.Debug|x64.Build.0 = Debug|Any CPU
		{BB726451-EB33-4803-A1A2-1BBAD0E7125A}.Debug|x86.ActiveCfg = Debug|Any CPU
		{BB726451-EB33-4803-A1A2-1BBAD0E7125A}.Debug|x86.Build.0 = Debug|Any CPU
		{BB726451-EB33-4803-A1A2-1BBAD0E7125A}.Release|Any CPU.ActiveCfg = Release|Any CPU
		{BB726451-EB33-4803-A1A2-1BBAD0E7125A}.Release|Any CPU.Build.0 = Release|Any CPU
		{BB726451-EB33-4803-A1A2-1BBAD0E7125A}.Release|x64.ActiveCfg = Release|Any CPU
		{BB726451-EB33-4803-A1A2-1BBAD0E7125A}.Release|x64.Build.0 = Release|Any CPU
		{BB726451-EB33-4803-A1A2-1BBAD0E7125A}.Release|x86.ActiveCfg = Release|Any CPU
		{BB726451-EB33-4803-A1A2-1BBAD0E7125A}.Release|x86.Build.0 = Release|Any CPU
		{60F31AF9-20E7-4213-A4C1-4BC209A3ED18}.Debug|Any CPU.ActiveCfg = Debug|Any CPU
		{60F31AF9-20E7-4213-A4C1-4BC209A3ED18}.Debug|Any CPU.Build.0 = Debug|Any CPU
		{60F31AF9-20E7-4213-A4C1-4BC209A3ED18}.Debug|x64.ActiveCfg = Debug|Any CPU
		{60F31AF9-20E7-4213-A4C1-4BC209A3ED18}.Debug|x64.Build.0 = Debug|Any CPU
		{60F31AF9-20E7-4213-A4C1-4BC209A3ED18}.Debug|x86.ActiveCfg = Debug|Any CPU
		{60F31AF9-20E7-4213-A4C1-4BC209A3ED18}.Debug|x86.Build.0 = Debug|Any CPU
		{60F31AF9-20E7-4213-A4C1-4BC209A3ED18}.Release|Any CPU.ActiveCfg = Release|Any CPU
		{60F31AF9-20E7-4213-A4C1-4BC209A3ED18}.Release|Any CPU.Build.0 = Release|Any CPU
		{60F31AF9-20E7-4213-A4C1-4BC209A3ED18}.Release|x64.ActiveCfg = Release|Any CPU
		{60F31AF9-20E7-4213-A4C1-4BC209A3ED18}.Release|x64.Build.0 = Release|Any CPU
		{60F31AF9-20E7-4213-A4C1-4BC209A3ED18}.Release|x86.ActiveCfg = Release|Any CPU
		{60F31AF9-20E7-4213-A4C1-4BC209A3ED18}.Release|x86.Build.0 = Release|Any CPU
		{E973C5F7-4000-4CB5-9BCA-554EE9632084}.Debug|Any CPU.ActiveCfg = Debug|Any CPU
		{E973C5F7-4000-4CB5-9BCA-554EE9632084}.Debug|Any CPU.Build.0 = Debug|Any CPU
		{E973C5F7-4000-4CB5-9BCA-554EE9632084}.Debug|x64.ActiveCfg = Debug|Any CPU
		{E973C5F7-4000-4CB5-9BCA-554EE9632084}.Debug|x64.Build.0 = Debug|Any CPU
		{E973C5F7-4000-4CB5-9BCA-554EE9632084}.Debug|x86.ActiveCfg = Debug|Any CPU
		{E973C5F7-4000-4CB5-9BCA-554EE9632084}.Debug|x86.Build.0 = Debug|Any CPU
		{E973C5F7-4000-4CB5-9BCA-554EE9632084}.Release|Any CPU.ActiveCfg = Release|Any CPU
		{E973C5F7-4000-4CB5-9BCA-554EE9632084}.Release|Any CPU.Build.0 = Release|Any CPU
		{E973C5F7-4000-4CB5-9BCA-554EE9632084}.Release|x64.ActiveCfg = Release|Any CPU
		{E973C5F7-4000-4CB5-9BCA-554EE9632084}.Release|x64.Build.0 = Release|Any CPU
		{E973C5F7-4000-4CB5-9BCA-554EE9632084}.Release|x86.ActiveCfg = Release|Any CPU
		{E973C5F7-4000-4CB5-9BCA-554EE9632084}.Release|x86.Build.0 = Release|Any CPU
		{4EAB1B25-065A-4C22-A7B5-3D80AC07D275}.Debug|Any CPU.ActiveCfg = Debug|Any CPU
		{4EAB1B25-065A-4C22-A7B5-3D80AC07D275}.Debug|Any CPU.Build.0 = Debug|Any CPU
		{4EAB1B25-065A-4C22-A7B5-3D80AC07D275}.Debug|x64.ActiveCfg = Debug|Any CPU
		{4EAB1B25-065A-4C22-A7B5-3D80AC07D275}.Debug|x64.Build.0 = Debug|Any CPU
		{4EAB1B25-065A-4C22-A7B5-3D80AC07D275}.Debug|x86.ActiveCfg = Debug|Any CPU
		{4EAB1B25-065A-4C22-A7B5-3D80AC07D275}.Debug|x86.Build.0 = Debug|Any CPU
		{4EAB1B25-065A-4C22-A7B5-3D80AC07D275}.Release|Any CPU.ActiveCfg = Release|Any CPU
		{4EAB1B25-065A-4C22-A7B5-3D80AC07D275}.Release|Any CPU.Build.0 = Release|Any CPU
		{4EAB1B25-065A-4C22-A7B5-3D80AC07D275}.Release|x64.ActiveCfg = Release|Any CPU
		{4EAB1B25-065A-4C22-A7B5-3D80AC07D275}.Release|x64.Build.0 = Release|Any CPU
		{4EAB1B25-065A-4C22-A7B5-3D80AC07D275}.Release|x86.ActiveCfg = Release|Any CPU
		{4EAB1B25-065A-4C22-A7B5-3D80AC07D275}.Release|x86.Build.0 = Release|Any CPU
		{72AC0823-F6C9-4912-BF6A-4984E3C7A3E2}.Debug|Any CPU.ActiveCfg = Debug|Any CPU
		{72AC0823-F6C9-4912-BF6A-4984E3C7A3E2}.Debug|Any CPU.Build.0 = Debug|Any CPU
		{72AC0823-F6C9-4912-BF6A-4984E3C7A3E2}.Debug|x64.ActiveCfg = Debug|Any CPU
		{72AC0823-F6C9-4912-BF6A-4984E3C7A3E2}.Debug|x64.Build.0 = Debug|Any CPU
		{72AC0823-F6C9-4912-BF6A-4984E3C7A3E2}.Debug|x86.ActiveCfg = Debug|Any CPU
		{72AC0823-F6C9-4912-BF6A-4984E3C7A3E2}.Debug|x86.Build.0 = Debug|Any CPU
		{72AC0823-F6C9-4912-BF6A-4984E3C7A3E2}.Release|Any CPU.ActiveCfg = Release|Any CPU
		{72AC0823-F6C9-4912-BF6A-4984E3C7A3E2}.Release|Any CPU.Build.0 = Release|Any CPU
		{72AC0823-F6C9-4912-BF6A-4984E3C7A3E2}.Release|x64.ActiveCfg = Release|Any CPU
		{72AC0823-F6C9-4912-BF6A-4984E3C7A3E2}.Release|x64.Build.0 = Release|Any CPU
		{72AC0823-F6C9-4912-BF6A-4984E3C7A3E2}.Release|x86.ActiveCfg = Release|Any CPU
		{72AC0823-F6C9-4912-BF6A-4984E3C7A3E2}.Release|x86.Build.0 = Release|Any CPU
		{CADF281E-880D-478C-8E5E-C91FBA6F42C7}.Debug|Any CPU.ActiveCfg = Debug|Any CPU
		{CADF281E-880D-478C-8E5E-C91FBA6F42C7}.Debug|Any CPU.Build.0 = Debug|Any CPU
		{CADF281E-880D-478C-8E5E-C91FBA6F42C7}.Debug|x64.ActiveCfg = Debug|Any CPU
		{CADF281E-880D-478C-8E5E-C91FBA6F42C7}.Debug|x64.Build.0 = Debug|Any CPU
		{CADF281E-880D-478C-8E5E-C91FBA6F42C7}.Debug|x86.ActiveCfg = Debug|Any CPU
		{CADF281E-880D-478C-8E5E-C91FBA6F42C7}.Debug|x86.Build.0 = Debug|Any CPU
		{CADF281E-880D-478C-8E5E-C91FBA6F42C7}.Release|Any CPU.ActiveCfg = Release|Any CPU
		{CADF281E-880D-478C-8E5E-C91FBA6F42C7}.Release|Any CPU.Build.0 = Release|Any CPU
		{CADF281E-880D-478C-8E5E-C91FBA6F42C7}.Release|x64.ActiveCfg = Release|Any CPU
		{CADF281E-880D-478C-8E5E-C91FBA6F42C7}.Release|x64.Build.0 = Release|Any CPU
		{CADF281E-880D-478C-8E5E-C91FBA6F42C7}.Release|x86.ActiveCfg = Release|Any CPU
		{CADF281E-880D-478C-8E5E-C91FBA6F42C7}.Release|x86.Build.0 = Release|Any CPU
		{D3698F03-BFE1-44DE-92D1-BD4C3D08E810}.Debug|Any CPU.ActiveCfg = Debug|Any CPU
		{D3698F03-BFE1-44DE-92D1-BD4C3D08E810}.Debug|Any CPU.Build.0 = Debug|Any CPU
		{D3698F03-BFE1-44DE-92D1-BD4C3D08E810}.Debug|x64.ActiveCfg = Debug|Any CPU
		{D3698F03-BFE1-44DE-92D1-BD4C3D08E810}.Debug|x64.Build.0 = Debug|Any CPU
		{D3698F03-BFE1-44DE-92D1-BD4C3D08E810}.Debug|x86.ActiveCfg = Debug|Any CPU
		{D3698F03-BFE1-44DE-92D1-BD4C3D08E810}.Debug|x86.Build.0 = Debug|Any CPU
		{D3698F03-BFE1-44DE-92D1-BD4C3D08E810}.Release|Any CPU.ActiveCfg = Release|Any CPU
		{D3698F03-BFE1-44DE-92D1-BD4C3D08E810}.Release|Any CPU.Build.0 = Release|Any CPU
		{D3698F03-BFE1-44DE-92D1-BD4C3D08E810}.Release|x64.ActiveCfg = Release|Any CPU
		{D3698F03-BFE1-44DE-92D1-BD4C3D08E810}.Release|x64.Build.0 = Release|Any CPU
		{D3698F03-BFE1-44DE-92D1-BD4C3D08E810}.Release|x86.ActiveCfg = Release|Any CPU
		{D3698F03-BFE1-44DE-92D1-BD4C3D08E810}.Release|x86.Build.0 = Release|Any CPU
	EndGlobalSection
	GlobalSection(NestedProjects) = preSolution
		{799EC9D3-9107-42C0-A96F-06358234999F} = {0BC23F20-C0FA-417F-8CFB-EE50B82C89DE}
		{DD891CCF-002F-4B4D-8E14-0C65F17CD225} = {0BC23F20-C0FA-417F-8CFB-EE50B82C89DE}
		{857A6E43-10CE-45D4-B0AC-378E1C1D71B7} = {0BC23F20-C0FA-417F-8CFB-EE50B82C89DE}
		{CDAE86D0-B9D5-431D-B78B-C70C5F9C6A6A} = {0BC23F20-C0FA-417F-8CFB-EE50B82C89DE}
		{035EB546-C3FC-4FA0-BAFA-3A7526DE9B64} = {E7399C0B-BA25-4A4E-B97D-14CE02EFD9C6}
		{7A0991FF-3169-4761-8A78-682D35433153} = {0BC23F20-C0FA-417F-8CFB-EE50B82C89DE}
		{9DF6594F-7B04-4186-A557-4DBDE083282A} = {0BC23F20-C0FA-417F-8CFB-EE50B82C89DE}
		{BB726451-EB33-4803-A1A2-1BBAD0E7125A} = {0BC23F20-C0FA-417F-8CFB-EE50B82C89DE}
		{E973C5F7-4000-4CB5-9BCA-554EE9632084} = {0BC23F20-C0FA-417F-8CFB-EE50B82C89DE}
		{4EAB1B25-065A-4C22-A7B5-3D80AC07D275} = {0BC23F20-C0FA-417F-8CFB-EE50B82C89DE}
		{72AC0823-F6C9-4912-BF6A-4984E3C7A3E2} = {E7399C0B-BA25-4A4E-B97D-14CE02EFD9C6}
		{CADF281E-880D-478C-8E5E-C91FBA6F42C7} = {0BC23F20-C0FA-417F-8CFB-EE50B82C89DE}
		{D3698F03-BFE1-44DE-92D1-BD4C3D08E810} = {0373B9AD-48B9-4D23-BF1D-BDB78A5B3939}
	EndGlobalSection
EndGlobal
